
Microsoft Visual Studio Solution File, Format Version 12.00
# Visual Studio 15
VisualStudioVersion = 15.0.26730.16
MinimumVisualStudioVersion = 10.0.40219.1
Project("{FAE04EC0-301F-11D3-BF4B-00C04F79EFBC}") = "Customer_Records", "Customer_Records\Customer_Records.csproj", "{6A8FD9D7-6A20-492E-8477-052B2D4E4C31}"
EndProject
Project("{FAE04EC0-301F-11D3-BF4B-00C04F79EFBC}") = "Customer_Records.UnitTests", "Customer_Records_UnitTests\Customer_Records.UnitTests.csproj", "{240FE4AD-0EB2-4E5D-84FA-7F1FEDB540EE}"
EndProject
Global
	GlobalSection(SolutionConfigurationPlatforms) = preSolution
		Debug|Any CPU = Debug|Any CPU
		Release|Any CPU = Release|Any CPU
	EndGlobalSection
	GlobalSection(ProjectConfigurationPlatforms) = postSolution
		{6A8FD9D7-6A20-492E-8477-052B2D4E4C31}.Debug|Any CPU.ActiveCfg = Debug|Any CPU
		{6A8FD9D7-6A20-492E-8477-052B2D4E4C31}.Debug|Any CPU.Build.0 = Debug|Any CPU
		{6A8FD9D7-6A20-492E-8477-052B2D4E4C31}.Release|Any CPU.ActiveCfg = Release|Any CPU
		{6A8FD9D7-6A20-492E-8477-052B2D4E4C31}.Release|Any CPU.Build.0 = Release|Any CPU
		{240FE4AD-0EB2-4E5D-84FA-7F1FEDB540EE}.Debug|Any CPU.ActiveCfg = Debug|Any CPU
		{240FE4AD-0EB2-4E5D-84FA-7F1FEDB540EE}.Debug|Any CPU.Build.0 = Debug|Any CPU
		{240FE4AD-0EB2-4E5D-84FA-7F1FEDB540EE}.Release|Any CPU.ActiveCfg = Release|Any CPU
		{240FE4AD-0EB2-4E5D-84FA-7F1FEDB540EE}.Release|Any CPU.Build.0 = Release|Any CPU
	EndGlobalSection
	GlobalSection(SolutionProperties) = preSolution
		HideSolutionNode = FALSE
	EndGlobalSection
	GlobalSection(ExtensibilityGlobals) = postSolution
		SolutionGuid = {F511E325-1728-4878-8696-9FD0120AB5FA}
	EndGlobalSection
EndGlobal
